
Microsoft Visual Studio Solution File, Format Version 12.00
# Visual Studio Version 16
VisualStudioVersion = 16.0.30804.86
MinimumVisualStudioVersion = 10.0.40219.1
Project("{FAE04EC0-301F-11D3-BF4B-00C04F79EFBC}") = "TRMDataManager", "TRMDataManager\TRMDataManager.csproj", "{9724B5D3-D6A5-43AE-879A-8BE35F086226}"
EndProject
Global
	GlobalSection(SolutionConfigurationPlatforms) = preSolution
		Debug|Any CPU = Debug|Any CPU
		Release|Any CPU = Release|Any CPU
	EndGlobalSection
	GlobalSection(ProjectConfigurationPlatforms) = postSolution
		{9724B5D3-D6A5-43AE-879A-8BE35F086226}.Debug|Any CPU.ActiveCfg = Debug|Any CPU
		{9724B5D3-D6A5-43AE-879A-8BE35F086226}.Debug|Any CPU.Build.0 = Debug|Any CPU
		{9724B5D3-D6A5-43AE-879A-8BE35F086226}.Release|Any CPU.ActiveCfg = Release|Any CPU
		{9724B5D3-D6A5-43AE-879A-8BE35F086226}.Release|Any CPU.Build.0 = Release|Any CPU
	EndGlobalSection
	GlobalSection(SolutionProperties) = preSolution
		HideSolutionNode = FALSE
	EndGlobalSection
	GlobalSection(ExtensibilityGlobals) = postSolution
		SolutionGuid = {DBC2EF8C-26F7-414C-8275-79678BAAE4FC}
	EndGlobalSection
EndGlobal
